{
  "name": "CW2",
  "lockfileVersion": 2,
  "requires": true,
  "packages": {
    "": {
      "dependencies": {
        "calendarpickerjs": "^1.4.0"
      }
    },
    "node_modules/calendarpickerjs": {
      "version": "1.4.0",
      "resolved": "https://registry.npmjs.org/calendarpickerjs/-/calendarpickerjs-1.4.0.tgz",
      "integrity": "sha512-GN/iiA/bxfmhgixNgi8Vd/J6sFAvoBTW0P6Fj9+GkIWr0lQy0N6Ng3AXAlw69++VbjRRNWS4mxRCRe6zQbh8vg=="
    }
  },
  "dependencies": {
    "calendarpickerjs": {
      "version": "1.4.0",
      "resolved": "https://registry.npmjs.org/calendarpickerjs/-/calendarpickerjs-1.4.0.tgz",
      "integrity": "sha512-GN/iiA/bxfmhgixNgi8Vd/J6sFAvoBTW0P6Fj9+GkIWr0lQy0N6Ng3AXAlw69++VbjRRNWS4mxRCRe6zQbh8vg=="
    }
  }
}
